
Microsoft Visual Studio Solution File, Format Version 12.00
# Visual Studio 15
Project("{FAE04EC0-301F-11D3-BF4B-00C04F79EFBC}") = "SVGChart.Android", "SVGChart.Android\SVGChart.Android.csproj", "{A0289AD8-82DD-45CD-91CF-2EF1409E70C6}"
EndProject
Project("{FAE04EC0-301F-11D3-BF4B-00C04F79EFBC}") = "SVGChart.iOS", "SVGChart.iOS\SVGChart.iOS.csproj", "{890D6BFF-FE15-47AA-B220-6A855A703C7F}"
EndProject
Project("{2150E333-8FDC-42A3-9474-1A3956D46DE8}") = "Samples", "Samples", "{E1909958-38FB-4017-9520-D8DD69F4E159}"
EndProject
Project("{2150E333-8FDC-42A3-9474-1A3956D46DE8}") = "Src", "Src", "{C27099D8-8EA9-4ACD-A385-79332A654789}"
EndProject
Project("{FAE04EC0-301F-11D3-BF4B-00C04F79EFBC}") = "SVGChart.Nuget", "SVGChart.Nuget\SVGChart.Nuget.csproj", "{6449871F-0FCE-4755-AAC4-12A57EFE5533}"
EndProject
Project("{FAE04EC0-301F-11D3-BF4B-00C04F79EFBC}") = "SVGChart", "SVGChart.Forms\SVGChart.csproj", "{32CA85E0-48D2-4CA3-A1A1-3E730D186FA1}"
EndProject
Global
	GlobalSection(SolutionConfigurationPlatforms) = preSolution
		Debug|Any CPU = Debug|Any CPU
		Release|Any CPU = Release|Any CPU
		Debug|iPhoneSimulator = Debug|iPhoneSimulator
		Release|iPhoneSimulator = Release|iPhoneSimulator
		Debug|iPhone = Debug|iPhone
		Release|iPhone = Release|iPhone
	EndGlobalSection
	GlobalSection(ProjectConfigurationPlatforms) = postSolution
		{A0289AD8-82DD-45CD-91CF-2EF1409E70C6}.Debug|Any CPU.ActiveCfg = Debug|Any CPU
		{A0289AD8-82DD-45CD-91CF-2EF1409E70C6}.Debug|Any CPU.Build.0 = Debug|Any CPU
		{A0289AD8-82DD-45CD-91CF-2EF1409E70C6}.Release|Any CPU.ActiveCfg = Release|Any CPU
		{A0289AD8-82DD-45CD-91CF-2EF1409E70C6}.Release|Any CPU.Build.0 = Release|Any CPU
		{A0289AD8-82DD-45CD-91CF-2EF1409E70C6}.Debug|iPhoneSimulator.ActiveCfg = Debug|Any CPU
		{A0289AD8-82DD-45CD-91CF-2EF1409E70C6}.Debug|iPhoneSimulator.Build.0 = Debug|Any CPU
		{A0289AD8-82DD-45CD-91CF-2EF1409E70C6}.Release|iPhoneSimulator.ActiveCfg = Release|Any CPU
		{A0289AD8-82DD-45CD-91CF-2EF1409E70C6}.Release|iPhoneSimulator.Build.0 = Release|Any CPU
		{A0289AD8-82DD-45CD-91CF-2EF1409E70C6}.Debug|iPhone.ActiveCfg = Debug|Any CPU
		{A0289AD8-82DD-45CD-91CF-2EF1409E70C6}.Debug|iPhone.Build.0 = Debug|Any CPU
		{A0289AD8-82DD-45CD-91CF-2EF1409E70C6}.Release|iPhone.ActiveCfg = Release|Any CPU
		{A0289AD8-82DD-45CD-91CF-2EF1409E70C6}.Release|iPhone.Build.0 = Release|Any CPU
		{890D6BFF-FE15-47AA-B220-6A855A703C7F}.Debug|Any CPU.ActiveCfg = Debug|iPhoneSimulator
		{890D6BFF-FE15-47AA-B220-6A855A703C7F}.Debug|Any CPU.Build.0 = Debug|iPhoneSimulator
		{890D6BFF-FE15-47AA-B220-6A855A703C7F}.Release|Any CPU.ActiveCfg = Release|iPhoneSimulator
		{890D6BFF-FE15-47AA-B220-6A855A703C7F}.Release|Any CPU.Build.0 = Release|iPhoneSimulator
		{890D6BFF-FE15-47AA-B220-6A855A703C7F}.Debug|iPhoneSimulator.ActiveCfg = Debug|iPhoneSimulator
		{890D6BFF-FE15-47AA-B220-6A855A703C7F}.Debug|iPhoneSimulator.Build.0 = Debug|iPhoneSimulator
		{890D6BFF-FE15-47AA-B220-6A855A703C7F}.Release|iPhoneSimulator.ActiveCfg = Release|iPhoneSimulator
		{890D6BFF-FE15-47AA-B220-6A855A703C7F}.Release|iPhoneSimulator.Build.0 = Release|iPhoneSimulator
		{890D6BFF-FE15-47AA-B220-6A855A703C7F}.Debug|iPhone.ActiveCfg = Debug|iPhone
		{890D6BFF-FE15-47AA-B220-6A855A703C7F}.Debug|iPhone.Build.0 = Debug|iPhone
		{890D6BFF-FE15-47AA-B220-6A855A703C7F}.Release|iPhone.ActiveCfg = Release|iPhone
		{890D6BFF-FE15-47AA-B220-6A855A703C7F}.Release|iPhone.Build.0 = Release|iPhone
		{6449871F-0FCE-4755-AAC4-12A57EFE5533}.Debug|Any CPU.ActiveCfg = Debug|Any CPU
		{6449871F-0FCE-4755-AAC4-12A57EFE5533}.Debug|Any CPU.Build.0 = Debug|Any CPU
		{6449871F-0FCE-4755-AAC4-12A57EFE5533}.Release|Any CPU.ActiveCfg = Release|Any CPU
		{6449871F-0FCE-4755-AAC4-12A57EFE5533}.Release|Any CPU.Build.0 = Release|Any CPU
		{6449871F-0FCE-4755-AAC4-12A57EFE5533}.Debug|iPhoneSimulator.ActiveCfg = Debug|Any CPU
		{6449871F-0FCE-4755-AAC4-12A57EFE5533}.Debug|iPhoneSimulator.Build.0 = Debug|Any CPU
		{6449871F-0FCE-4755-AAC4-12A57EFE5533}.Release|iPhoneSimulator.ActiveCfg = Release|Any CPU
		{6449871F-0FCE-4755-AAC4-12A57EFE5533}.Release|iPhoneSimulator.Build.0 = Release|Any CPU
		{6449871F-0FCE-4755-AAC4-12A57EFE5533}.Debug|iPhone.ActiveCfg = Debug|Any CPU
		{6449871F-0FCE-4755-AAC4-12A57EFE5533}.Debug|iPhone.Build.0 = Debug|Any CPU
		{6449871F-0FCE-4755-AAC4-12A57EFE5533}.Release|iPhone.ActiveCfg = Release|Any CPU
		{6449871F-0FCE-4755-AAC4-12A57EFE5533}.Release|iPhone.Build.0 = Release|Any CPU
		{32CA85E0-48D2-4CA3-A1A1-3E730D186FA1}.Debug|Any CPU.ActiveCfg = Debug|Any CPU
		{32CA85E0-48D2-4CA3-A1A1-3E730D186FA1}.Debug|Any CPU.Build.0 = Debug|Any CPU
		{32CA85E0-48D2-4CA3-A1A1-3E730D186FA1}.Release|Any CPU.ActiveCfg = Release|Any CPU
		{32CA85E0-48D2-4CA3-A1A1-3E730D186FA1}.Release|Any CPU.Build.0 = Release|Any CPU
		{32CA85E0-48D2-4CA3-A1A1-3E730D186FA1}.Debug|iPhoneSimulator.ActiveCfg = Debug|Any CPU
		{32CA85E0-48D2-4CA3-A1A1-3E730D186FA1}.Debug|iPhoneSimulator.Build.0 = Debug|Any CPU
		{32CA85E0-48D2-4CA3-A1A1-3E730D186FA1}.Release|iPhoneSimulator.ActiveCfg = Release|Any CPU
		{32CA85E0-48D2-4CA3-A1A1-3E730D186FA1}.Release|iPhoneSimulator.Build.0 = Release|Any CPU
		{32CA85E0-48D2-4CA3-A1A1-3E730D186FA1}.Debug|iPhone.ActiveCfg = Debug|Any CPU
		{32CA85E0-48D2-4CA3-A1A1-3E730D186FA1}.Debug|iPhone.Build.0 = Debug|Any CPU
		{32CA85E0-48D2-4CA3-A1A1-3E730D186FA1}.Release|iPhone.ActiveCfg = Release|Any CPU
		{32CA85E0-48D2-4CA3-A1A1-3E730D186FA1}.Release|iPhone.Build.0 = Release|Any CPU
	EndGlobalSection
	GlobalSection(NestedProjects) = preSolution
		{A0289AD8-82DD-45CD-91CF-2EF1409E70C6} = {E1909958-38FB-4017-9520-D8DD69F4E159}
		{890D6BFF-FE15-47AA-B220-6A855A703C7F} = {E1909958-38FB-4017-9520-D8DD69F4E159}
		{6449871F-0FCE-4755-AAC4-12A57EFE5533} = {C27099D8-8EA9-4ACD-A385-79332A654789}
		{32CA85E0-48D2-4CA3-A1A1-3E730D186FA1} = {E1909958-38FB-4017-9520-D8DD69F4E159}
	EndGlobalSection
EndGlobal
